
Microsoft Visual Studio Solution File, Format Version 12.00
# Visual Studio Version 17
VisualStudioVersion = 17.11.35327.3
MinimumVisualStudioVersion = 10.0.40219.1
Project("{9A19103F-16F7-4668-BE54-9A1E7A4F7556}") = "LocalizationClient", "LocalizationClient.csproj", "{50184E65-19B4-4166-ABB6-9D9E3D65864F}"
EndProject
Global
	GlobalSection(SolutionConfigurationPlatforms) = preSolution
		Debug|Any CPU = Debug|Any CPU
		Release|Any CPU = Release|Any CPU
	EndGlobalSection
	GlobalSection(ProjectConfigurationPlatforms) = postSolution
		{50184E65-19B4-4166-ABB6-9D9E3D65864F}.Debug|Any CPU.ActiveCfg = Debug|Any CPU
		{50184E65-19B4-4166-ABB6-9D9E3D65864F}.Debug|Any CPU.Build.0 = Debug|Any CPU
		{50184E65-19B4-4166-ABB6-9D9E3D65864F}.Release|Any CPU.ActiveCfg = Release|Any CPU
		{50184E65-19B4-4166-ABB6-9D9E3D65864F}.Release|Any CPU.Build.0 = Release|Any CPU
	EndGlobalSection
	GlobalSection(SolutionProperties) = preSolution
		HideSolutionNode = FALSE
	EndGlobalSection
	GlobalSection(ExtensibilityGlobals) = postSolution
		SolutionGuid = {460AADB8-5EC2-49D7-81EB-2345E9C5D8B7}
	EndGlobalSection
EndGlobal
